
Microsoft Visual Studio Solution File, Format Version 12.00
# Visual Studio Version 17
VisualStudioVersion = 17.3.32901.215
MinimumVisualStudioVersion = 10.0.40219.1
Project("{FAE04EC0-301F-11D3-BF4B-00C04F79EFBC}") = "PRAKTICHESKAYA2", "PRAKTICHESKAYA2\PRAKTICHESKAYA2.csproj", "{31D84209-A138-445A-85CE-8BFBD3D12572}"
EndProject
Global
	GlobalSection(SolutionConfigurationPlatforms) = preSolution
		Debug|Any CPU = Debug|Any CPU
		Release|Any CPU = Release|Any CPU
	EndGlobalSection
	GlobalSection(ProjectConfigurationPlatforms) = postSolution
		{31D84209-A138-445A-85CE-8BFBD3D12572}.Debug|Any CPU.ActiveCfg = Debug|Any CPU
		{31D84209-A138-445A-85CE-8BFBD3D12572}.Debug|Any CPU.Build.0 = Debug|Any CPU
		{31D84209-A138-445A-85CE-8BFBD3D12572}.Release|Any CPU.ActiveCfg = Release|Any CPU
		{31D84209-A138-445A-85CE-8BFBD3D12572}.Release|Any CPU.Build.0 = Release|Any CPU
	EndGlobalSection
	GlobalSection(SolutionProperties) = preSolution
		HideSolutionNode = FALSE
	EndGlobalSection
	GlobalSection(ExtensibilityGlobals) = postSolution
		SolutionGuid = {F4B97663-099B-49DF-BA9A-14DE5EAD261C}
	EndGlobalSection
EndGlobal
